
Microsoft Visual Studio Solution File, Format Version 12.00
# Visual Studio Version 17
VisualStudioVersion = 17.8.34316.72
MinimumVisualStudioVersion = 10.0.40219.1
Project("{2150E333-8FDC-42A3-9474-1A3956D46DE8}") = "Task0", "Task0", "{9E8EFF58-0002-42AB-8C02-3BFBB6577A32}"
EndProject
Project("{FAE04EC0-301F-11D3-BF4B-00C04F79EFBC}") = "Tyuiu.DolgovIV.Sprint0.Task0.V0", "Tyuiu.DolgovIV.Sprint0.Task0.V0\Tyuiu.DolgovIV.Sprint0.Task0.V0.csproj", "{1AB7B070-DFC3-4B08-82EE-E7376E1006D1}"
EndProject
Project("{2150E333-8FDC-42A3-9474-1A3956D46DE8}") = "Task1", "Task1", "{DD6CCAA5-FF9D-49AD-8527-5E135CB311BD}"
EndProject
Project("{FAE04EC0-301F-11D3-BF4B-00C04F79EFBC}") = "Tyuiu.DolgovIV.Sprint0.Task1.V0", "Tyuiu.DolgovIV.Sprint0.Task1.V0\Tyuiu.DolgovIV.Sprint0.Task1.V0.csproj", "{478423ED-173B-4A69-9268-12949C36652D}"
EndProject
Project("{2150E333-8FDC-42A3-9474-1A3956D46DE8}") = "Task2", "Task2", "{BE460EF4-44B5-4D6E-8CDC-4FDB1BF8B80C}"
EndProject
Project("{FAE04EC0-301F-11D3-BF4B-00C04F79EFBC}") = "Tyuiu.DolgovIV.Sprint0.Task2.V0", "Tyuiu.DolgovIV.Sprint0.Task2.V0\Tyuiu.DolgovIV.Sprint0.Task2.V0.csproj", "{729F3941-FB04-4203-9A60-6959FFC44739}"
EndProject
Project("{FAE04EC0-301F-11D3-BF4B-00C04F79EFBC}") = "Tyuiu.DolgovIV.Sprint0.Task2.V0.Test", "Tyuiu.DolgovIV.Sprint0.Task2.V0.Test\Tyuiu.DolgovIV.Sprint0.Task2.V0.Test.csproj", "{7F4EA97B-A20C-4FD4-80AC-4DD61E43A585}"
EndProject
Project("{FAE04EC0-301F-11D3-BF4B-00C04F79EFBC}") = "Tyuiu.DolgovIV.Sprint0.Task2.V0.Lib", "Tyuiu.DolgovIV.Sprint0.Task2.V0.Lib\Tyuiu.DolgovIV.Sprint0.Task2.V0.Lib.csproj", "{51969C56-F6C5-44E6-BF99-EB64756883F4}"
EndProject
Project("{2150E333-8FDC-42A3-9474-1A3956D46DE8}") = "Task3", "Task3", "{536D0791-29C5-4E30-8FC6-64B70723A6EC}"
EndProject
Project("{FAE04EC0-301F-11D3-BF4B-00C04F79EFBC}") = "Tyuiu.DolgovIV.Sprint0.Task3.V0.Lib", "Tyuiu.DolgovIV.Sprint0.Task3.V0.Lib\Tyuiu.DolgovIV.Sprint0.Task3.V0.Lib.csproj", "{1E3D2BE2-4CCB-4F86-A6EB-D828E8652B16}"
EndProject
Project("{FAE04EC0-301F-11D3-BF4B-00C04F79EFBC}") = "Tyuiu.DolgovIV.Sprint0.Task3.V0.Test", "Tyuiu.DolgovIV.Sprint0.Task3.V0.Test\Tyuiu.DolgovIV.Sprint0.Task3.V0.Test.csproj", "{D26C53E7-8AAA-4433-9AF3-610EB12F5839}"
EndProject
Project("{FAE04EC0-301F-11D3-BF4B-00C04F79EFBC}") = "Tyuiu.DolgovIV.Sprint0.Task3.V0", "Tyuiu.DolgovIV.Sprint0.Task3.V0\Tyuiu.DolgovIV.Sprint0.Task3.V0.csproj", "{712DDA98-3BA4-48BD-B248-9DBA9B16EDC6}"
EndProject
Global
	GlobalSection(SolutionConfigurationPlatforms) = preSolution
		Debug|Any CPU = Debug|Any CPU
		Release|Any CPU = Release|Any CPU
	EndGlobalSection
	GlobalSection(ProjectConfigurationPlatforms) = postSolution
		{1AB7B070-DFC3-4B08-82EE-E7376E1006D1}.Debug|Any CPU.ActiveCfg = Debug|Any CPU
		{1AB7B070-DFC3-4B08-82EE-E7376E1006D1}.Debug|Any CPU.Build.0 = Debug|Any CPU
		{1AB7B070-DFC3-4B08-82EE-E7376E1006D1}.Release|Any CPU.ActiveCfg = Release|Any CPU
		{1AB7B070-DFC3-4B08-82EE-E7376E1006D1}.Release|Any CPU.Build.0 = Release|Any CPU
		{478423ED-173B-4A69-9268-12949C36652D}.Debug|Any CPU.ActiveCfg = Debug|Any CPU
		{478423ED-173B-4A69-9268-12949C36652D}.Debug|Any CPU.Build.0 = Debug|Any CPU
		{478423ED-173B-4A69-9268-12949C36652D}.Release|Any CPU.ActiveCfg = Release|Any CPU
		{478423ED-173B-4A69-9268-12949C36652D}.Release|Any CPU.Build.0 = Release|Any CPU
		{729F3941-FB04-4203-9A60-6959FFC44739}.Debug|Any CPU.ActiveCfg = Debug|Any CPU
		{729F3941-FB04-4203-9A60-6959FFC44739}.Debug|Any CPU.Build.0 = Debug|Any CPU
		{729F3941-FB04-4203-9A60-6959FFC44739}.Release|Any CPU.ActiveCfg = Release|Any CPU
		{729F3941-FB04-4203-9A60-6959FFC44739}.Release|Any CPU.Build.0 = Release|Any CPU
		{7F4EA97B-A20C-4FD4-80AC-4DD61E43A585}.Debug|Any CPU.ActiveCfg = Debug|Any CPU
		{7F4EA97B-A20C-4FD4-80AC-4DD61E43A585}.Debug|Any CPU.Build.0 = Debug|Any CPU
		{7F4EA97B-A20C-4FD4-80AC-4DD61E43A585}.Release|Any CPU.ActiveCfg = Release|Any CPU
		{7F4EA97B-A20C-4FD4-80AC-4DD61E43A585}.Release|Any CPU.Build.0 = Release|Any CPU
		{51969C56-F6C5-44E6-BF99-EB64756883F4}.Debug|Any CPU.ActiveCfg = Debug|Any CPU
		{51969C56-F6C5-44E6-BF99-EB64756883F4}.Debug|Any CPU.Build.0 = Debug|Any CPU
		{51969C56-F6C5-44E6-BF99-EB64756883F4}.Release|Any CPU.ActiveCfg = Release|Any CPU
		{51969C56-F6C5-44E6-BF99-EB64756883F4}.Release|Any CPU.Build.0 = Release|Any CPU
		{1E3D2BE2-4CCB-4F86-A6EB-D828E8652B16}.Debug|Any CPU.ActiveCfg = Debug|Any CPU
		{1E3D2BE2-4CCB-4F86-A6EB-D828E8652B16}.Debug|Any CPU.Build.0 = Debug|Any CPU
		{1E3D2BE2-4CCB-4F86-A6EB-D828E8652B16}.Release|Any CPU.ActiveCfg = Release|Any CPU
		{1E3D2BE2-4CCB-4F86-A6EB-D828E8652B16}.Release|Any CPU.Build.0 = Release|Any CPU
		{D26C53E7-8AAA-4433-9AF3-610EB12F5839}.Debug|Any CPU.ActiveCfg = Debug|Any CPU
		{D26C53E7-8AAA-4433-9AF3-610EB12F5839}.Debug|Any CPU.Build.0 = Debug|Any CPU
		{D26C53E7-8AAA-4433-9AF3-610EB12F5839}.Release|Any CPU.ActiveCfg = Release|Any CPU
		{D26C53E7-8AAA-4433-9AF3-610EB12F5839}.Release|Any CPU.Build.0 = Release|Any CPU
		{712DDA98-3BA4-48BD-B248-9DBA9B16EDC6}.Debug|Any CPU.ActiveCfg = Debug|Any CPU
		{712DDA98-3BA4-48BD-B248-9DBA9B16EDC6}.Debug|Any CPU.Build.0 = Debug|Any CPU
		{712DDA98-3BA4-48BD-B248-9DBA9B16EDC6}.Release|Any CPU.ActiveCfg = Release|Any CPU
		{712DDA98-3BA4-48BD-B248-9DBA9B16EDC6}.Release|Any CPU.Build.0 = Release|Any CPU
	EndGlobalSection
	GlobalSection(SolutionProperties) = preSolution
		HideSolutionNode = FALSE
	EndGlobalSection
	GlobalSection(NestedProjects) = preSolution
		{1AB7B070-DFC3-4B08-82EE-E7376E1006D1} = {9E8EFF58-0002-42AB-8C02-3BFBB6577A32}
		{478423ED-173B-4A69-9268-12949C36652D} = {DD6CCAA5-FF9D-49AD-8527-5E135CB311BD}
		{729F3941-FB04-4203-9A60-6959FFC44739} = {BE460EF4-44B5-4D6E-8CDC-4FDB1BF8B80C}
		{7F4EA97B-A20C-4FD4-80AC-4DD61E43A585} = {BE460EF4-44B5-4D6E-8CDC-4FDB1BF8B80C}
		{51969C56-F6C5-44E6-BF99-EB64756883F4} = {BE460EF4-44B5-4D6E-8CDC-4FDB1BF8B80C}
		{1E3D2BE2-4CCB-4F86-A6EB-D828E8652B16} = {536D0791-29C5-4E30-8FC6-64B70723A6EC}
		{D26C53E7-8AAA-4433-9AF3-610EB12F5839} = {536D0791-29C5-4E30-8FC6-64B70723A6EC}
		{712DDA98-3BA4-48BD-B248-9DBA9B16EDC6} = {536D0791-29C5-4E30-8FC6-64B70723A6EC}
	EndGlobalSection
	GlobalSection(ExtensibilityGlobals) = postSolution
		SolutionGuid = {031214A8-EE06-429D-845C-56699329E69D}
	EndGlobalSection
EndGlobal
